
Microsoft Visual Studio Solution File, Format Version 12.00
# Visual Studio Version 17
VisualStudioVersion = 17.7.34024.191
MinimumVisualStudioVersion = 10.0.40219.1
Project("{9A19103F-16F7-4668-BE54-9A1E7A4F7556}") = "MiniProject", "MiniProject.csproj", "{89830406-DDE0-4865-A602-07637EF83D59}"
EndProject
Project("{9A19103F-16F7-4668-BE54-9A1E7A4F7556}") = "MiniProj", "..\MiniProj\MiniProj.csproj", "{089D2A8F-2301-4D85-A198-63616E044762}"
EndProject
Global
	GlobalSection(SolutionConfigurationPlatforms) = preSolution
		Debug|Any CPU = Debug|Any CPU
		Release|Any CPU = Release|Any CPU
	EndGlobalSection
	GlobalSection(ProjectConfigurationPlatforms) = postSolution
		{89830406-DDE0-4865-A602-07637EF83D59}.Debug|Any CPU.ActiveCfg = Debug|Any CPU
		{89830406-DDE0-4865-A602-07637EF83D59}.Debug|Any CPU.Build.0 = Debug|Any CPU
		{89830406-DDE0-4865-A602-07637EF83D59}.Release|Any CPU.ActiveCfg = Release|Any CPU
		{89830406-DDE0-4865-A602-07637EF83D59}.Release|Any CPU.Build.0 = Release|Any CPU
		{089D2A8F-2301-4D85-A198-63616E044762}.Debug|Any CPU.ActiveCfg = Debug|Any CPU
		{089D2A8F-2301-4D85-A198-63616E044762}.Debug|Any CPU.Build.0 = Debug|Any CPU
		{089D2A8F-2301-4D85-A198-63616E044762}.Release|Any CPU.ActiveCfg = Release|Any CPU
		{089D2A8F-2301-4D85-A198-63616E044762}.Release|Any CPU.Build.0 = Release|Any CPU
	EndGlobalSection
	GlobalSection(SolutionProperties) = preSolution
		HideSolutionNode = FALSE
	EndGlobalSection
	GlobalSection(ExtensibilityGlobals) = postSolution
		SolutionGuid = {20EC64BE-ABC1-4A8E-AC8D-8292D1C90B18}
	EndGlobalSection
EndGlobal
