
Microsoft Visual Studio Solution File, Format Version 12.00
# Visual Studio Version 17
VisualStudioVersion = 17.7.34024.191
MinimumVisualStudioVersion = 10.0.40219.1
Project("{FAE04EC0-301F-11D3-BF4B-00C04F79EFBC}") = "EFLAB", "EFLAB.csproj", "{85AD766E-9A8A-45AF-A311-30A4FDC0D692}"
EndProject
Global
	GlobalSection(SolutionConfigurationPlatforms) = preSolution
		Debug|Any CPU = Debug|Any CPU
		Release|Any CPU = Release|Any CPU
	EndGlobalSection
	GlobalSection(ProjectConfigurationPlatforms) = postSolution
		{85AD766E-9A8A-45AF-A311-30A4FDC0D692}.Debug|Any CPU.ActiveCfg = Debug|Any CPU
		{85AD766E-9A8A-45AF-A311-30A4FDC0D692}.Debug|Any CPU.Build.0 = Debug|Any CPU
		{85AD766E-9A8A-45AF-A311-30A4FDC0D692}.Release|Any CPU.ActiveCfg = Release|Any CPU
		{85AD766E-9A8A-45AF-A311-30A4FDC0D692}.Release|Any CPU.Build.0 = Release|Any CPU
	EndGlobalSection
	GlobalSection(SolutionProperties) = preSolution
		HideSolutionNode = FALSE
	EndGlobalSection
	GlobalSection(ExtensibilityGlobals) = postSolution
		SolutionGuid = {BEF18B5E-21B1-484B-8F54-658DC2B79818}
	EndGlobalSection
EndGlobal
