
Microsoft Visual Studio Solution File, Format Version 12.00
# Visual Studio Version 17
VisualStudioVersion = 17.7.34024.191
MinimumVisualStudioVersion = 10.0.40219.1
Project("{9A19103F-16F7-4668-BE54-9A1E7A4F7556}") = "BinaryTreeLib", "BinaryTree\BinaryTreeLib.csproj", "{1BE50E26-8FDF-4E69-9AB4-CF3C42696583}"
EndProject
Project("{FAE04EC0-301F-11D3-BF4B-00C04F79EFBC}") = "BinaryTreeTest", "BinaryTreeTest\BinaryTreeTest.csproj", "{B6302702-BF35-4201-A80B-77408D4B4A36}"
EndProject
Global
	GlobalSection(SolutionConfigurationPlatforms) = preSolution
		Debug|Any CPU = Debug|Any CPU
		Release|Any CPU = Release|Any CPU
	EndGlobalSection
	GlobalSection(ProjectConfigurationPlatforms) = postSolution
		{1BE50E26-8FDF-4E69-9AB4-CF3C42696583}.Debug|Any CPU.ActiveCfg = Debug|Any CPU
		{1BE50E26-8FDF-4E69-9AB4-CF3C42696583}.Debug|Any CPU.Build.0 = Debug|Any CPU
		{1BE50E26-8FDF-4E69-9AB4-CF3C42696583}.Release|Any CPU.ActiveCfg = Release|Any CPU
		{1BE50E26-8FDF-4E69-9AB4-CF3C42696583}.Release|Any CPU.Build.0 = Release|Any CPU
		{B6302702-BF35-4201-A80B-77408D4B4A36}.Debug|Any CPU.ActiveCfg = Debug|Any CPU
		{B6302702-BF35-4201-A80B-77408D4B4A36}.Debug|Any CPU.Build.0 = Debug|Any CPU
		{B6302702-BF35-4201-A80B-77408D4B4A36}.Release|Any CPU.ActiveCfg = Release|Any CPU
		{B6302702-BF35-4201-A80B-77408D4B4A36}.Release|Any CPU.Build.0 = Release|Any CPU
	EndGlobalSection
	GlobalSection(SolutionProperties) = preSolution
		HideSolutionNode = FALSE
	EndGlobalSection
	GlobalSection(ExtensibilityGlobals) = postSolution
		SolutionGuid = {224B6B8A-2CB6-416F-A5CB-B7A9C0896DA4}
	EndGlobalSection
EndGlobal
